
Microsoft Visual Studio Solution File, Format Version 12.00
# Visual Studio Version 17
VisualStudioVersion = 17.14.36623.8 d17.14
MinimumVisualStudioVersion = 10.0.40219.1
Project("{2150E333-8FDC-42A3-9474-1A3956D46DE8}") = "Services", "Services", "{02EA681E-C7D8-13C7-8484-4AC65E1B71E8}"
EndProject
Project("{2150E333-8FDC-42A3-9474-1A3956D46DE8}") = "Catalog", "Catalog", "{0309F77B-C7C7-4959-AC97-9B5604576659}"
EndProject
Project("{FAE04EC0-301F-11D3-BF4B-00C04F79EFBC}") = "Catalog.API", "Services\Catalog\Catalog.API\Catalog.API.csproj", "{614B0BE5-F3D7-4565-B2D3-3D5409F7C590}"
EndProject
Global
	GlobalSection(SolutionConfigurationPlatforms) = preSolution
		Debug|Any CPU = Debug|Any CPU
		Release|Any CPU = Release|Any CPU
	EndGlobalSection
	GlobalSection(ProjectConfigurationPlatforms) = postSolution
		{614B0BE5-F3D7-4565-B2D3-3D5409F7C590}.Debug|Any CPU.ActiveCfg = Debug|Any CPU
		{614B0BE5-F3D7-4565-B2D3-3D5409F7C590}.Debug|Any CPU.Build.0 = Debug|Any CPU
		{614B0BE5-F3D7-4565-B2D3-3D5409F7C590}.Release|Any CPU.ActiveCfg = Release|Any CPU
		{614B0BE5-F3D7-4565-B2D3-3D5409F7C590}.Release|Any CPU.Build.0 = Release|Any CPU
	EndGlobalSection
	GlobalSection(SolutionProperties) = preSolution
		HideSolutionNode = FALSE
	EndGlobalSection
	GlobalSection(NestedProjects) = preSolution
		{0309F77B-C7C7-4959-AC97-9B5604576659} = {02EA681E-C7D8-13C7-8484-4AC65E1B71E8}
		{614B0BE5-F3D7-4565-B2D3-3D5409F7C590} = {0309F77B-C7C7-4959-AC97-9B5604576659}
	EndGlobalSection
	GlobalSection(ExtensibilityGlobals) = postSolution
		SolutionGuid = {DA1C3987-4741-4434-BC35-DEC0427E6C24}
	EndGlobalSection
EndGlobal
